
Microsoft Visual Studio Solution File, Format Version 12.00
# Visual Studio Version 17
VisualStudioVersion = 17.0.31903.59
MinimumVisualStudioVersion = 10.0.40219.1
Project("{9A19103F-16F7-4668-BE54-9A1E7A4F7556}") = "MahiruLauncher.DataModel", "MahiruLauncher.DataModel\MahiruLauncher.DataModel.csproj", "{6D5B2B22-DF91-4BDC-B634-7B5F8058A6D8}"
EndProject
Project("{9A19103F-16F7-4668-BE54-9A1E7A4F7556}") = "MahiruLauncher.Mvvm", "MahiruLauncher.Mvvm\MahiruLauncher.Mvvm.csproj", "{7E24ADD6-0064-4E98-A953-80968B82127C}"
EndProject
Project("{9A19103F-16F7-4668-BE54-9A1E7A4F7556}") = "MahiruLauncher.Utils", "MahiruLauncher.Utils\MahiruLauncher.Utils.csproj", "{AD7A1E90-367C-4997-81C1-461ECDAAAE1E}"
EndProject
Project("{9A19103F-16F7-4668-BE54-9A1E7A4F7556}") = "MahiruLauncher", "MahiruLauncher\MahiruLauncher.csproj", "{8C8FA3CE-8284-4E30-8924-490FE861A514}"
EndProject
Global
	GlobalSection(SolutionConfigurationPlatforms) = preSolution
		Debug|Any CPU = Debug|Any CPU
		Release|Any CPU = Release|Any CPU
	EndGlobalSection
	GlobalSection(ProjectConfigurationPlatforms) = postSolution
		{6D5B2B22-DF91-4BDC-B634-7B5F8058A6D8}.Debug|Any CPU.ActiveCfg = Debug|Any CPU
		{6D5B2B22-DF91-4BDC-B634-7B5F8058A6D8}.Debug|Any CPU.Build.0 = Debug|Any CPU
		{6D5B2B22-DF91-4BDC-B634-7B5F8058A6D8}.Release|Any CPU.ActiveCfg = Release|Any CPU
		{6D5B2B22-DF91-4BDC-B634-7B5F8058A6D8}.Release|Any CPU.Build.0 = Release|Any CPU
		{7E24ADD6-0064-4E98-A953-80968B82127C}.Debug|Any CPU.ActiveCfg = Debug|Any CPU
		{7E24ADD6-0064-4E98-A953-80968B82127C}.Debug|Any CPU.Build.0 = Debug|Any CPU
		{7E24ADD6-0064-4E98-A953-80968B82127C}.Release|Any CPU.ActiveCfg = Release|Any CPU
		{7E24ADD6-0064-4E98-A953-80968B82127C}.Release|Any CPU.Build.0 = Release|Any CPU
		{AD7A1E90-367C-4997-81C1-461ECDAAAE1E}.Debug|Any CPU.ActiveCfg = Debug|Any CPU
		{AD7A1E90-367C-4997-81C1-461ECDAAAE1E}.Debug|Any CPU.Build.0 = Debug|Any CPU
		{AD7A1E90-367C-4997-81C1-461ECDAAAE1E}.Release|Any CPU.ActiveCfg = Release|Any CPU
		{AD7A1E90-367C-4997-81C1-461ECDAAAE1E}.Release|Any CPU.Build.0 = Release|Any CPU
		{8C8FA3CE-8284-4E30-8924-490FE861A514}.Debug|Any CPU.ActiveCfg = Debug|Any CPU
		{8C8FA3CE-8284-4E30-8924-490FE861A514}.Debug|Any CPU.Build.0 = Debug|Any CPU
		{8C8FA3CE-8284-4E30-8924-490FE861A514}.Release|Any CPU.ActiveCfg = Release|Any CPU
		{8C8FA3CE-8284-4E30-8924-490FE861A514}.Release|Any CPU.Build.0 = Release|Any CPU
	EndGlobalSection
	GlobalSection(SolutionProperties) = preSolution
		HideSolutionNode = FALSE
	EndGlobalSection
	GlobalSection(ExtensibilityGlobals) = postSolution
		SolutionGuid = {91011B17-41BB-45C7-8710-339B27598B85}
	EndGlobalSection
EndGlobal
