
Microsoft Visual Studio Solution File, Format Version 12.00
# Visual Studio Version 17
VisualStudioVersion = 17.0.31903.59
MinimumVisualStudioVersion = 10.0.40219.1
Project("{9A19103F-16F7-4668-BE54-9A1E7A4F7556}") = "MahiruLauncher.Manager", "MahiruLauncher.Manager\MahiruLauncher.Manager.csproj", "{A89B5550-25D9-4C3C-B7A8-1FE4CC374405}"
EndProject
Project("{FAE04EC0-301F-11D3-BF4B-00C04F79EFBC}") = "MahiruLauncher.DataModel", "MahiruLauncher.DataModel\MahiruLauncher.DataModel.csproj", "{6D5B2B22-DF91-4BDC-B634-7B5F8058A6D8}"
EndProject
Global
	GlobalSection(SolutionConfigurationPlatforms) = preSolution
		Debug|Any CPU = Debug|Any CPU
		Release|Any CPU = Release|Any CPU
	EndGlobalSection
	GlobalSection(ProjectConfigurationPlatforms) = postSolution
		{A89B5550-25D9-4C3C-B7A8-1FE4CC374405}.Debug|Any CPU.ActiveCfg = Debug|Any CPU
		{A89B5550-25D9-4C3C-B7A8-1FE4CC374405}.Debug|Any CPU.Build.0 = Debug|Any CPU
		{A89B5550-25D9-4C3C-B7A8-1FE4CC374405}.Release|Any CPU.ActiveCfg = Release|Any CPU
		{A89B5550-25D9-4C3C-B7A8-1FE4CC374405}.Release|Any CPU.Build.0 = Release|Any CPU
		{6D5B2B22-DF91-4BDC-B634-7B5F8058A6D8}.Debug|Any CPU.ActiveCfg = Debug|Any CPU
		{6D5B2B22-DF91-4BDC-B634-7B5F8058A6D8}.Debug|Any CPU.Build.0 = Debug|Any CPU
		{6D5B2B22-DF91-4BDC-B634-7B5F8058A6D8}.Release|Any CPU.ActiveCfg = Release|Any CPU
		{6D5B2B22-DF91-4BDC-B634-7B5F8058A6D8}.Release|Any CPU.Build.0 = Release|Any CPU
	EndGlobalSection
	GlobalSection(SolutionProperties) = preSolution
		HideSolutionNode = FALSE
	EndGlobalSection
	GlobalSection(ExtensibilityGlobals) = postSolution
		SolutionGuid = {91011B17-41BB-45C7-8710-339B27598B85}
	EndGlobalSection
EndGlobal
